
Microsoft Visual Studio Solution File, Format Version 12.00
# Visual Studio Version 16
VisualStudioVersion = 16.0.32126.315
MinimumVisualStudioVersion = 10.0.40219.1
Project("{2150E333-8FDC-42A3-9474-1A3956D46DE8}") = "Classes", "Classes", "{8C422B0A-DF8C-45B3-857C-FA9116D717E6}"
EndProject
Project("{FAE04EC0-301F-11D3-BF4B-00C04F79EFBC}") = "Facec.Classes", "Facec.Classes\Facec.Classes.csproj", "{6B913058-737A-462C-961F-7E2498034D55}"
EndProject
Project("{2150E333-8FDC-42A3-9474-1A3956D46DE8}") = "Extenções", "Extenções", "{88BDB725-D95F-450C-8BB9-B9D24D5816BB}"
EndProject
Project("{FAE04EC0-301F-11D3-BF4B-00C04F79EFBC}") = "Facec.Extencoes", "Facec.Extencoes\Facec.Extencoes.csproj", "{041F5410-43BE-4B73-92AF-DD64EB0F547C}"
EndProject
Project("{2150E333-8FDC-42A3-9474-1A3956D46DE8}") = "Apresentação", "Apresentação", "{254A9846-9B1E-4492-98B9-426ECF44D2C0}"
EndProject
Project("{FAE04EC0-301F-11D3-BF4B-00C04F79EFBC}") = "Facec.Apresentacao", "Facec.Apresentacao\Facec.Apresentacao.csproj", "{778FA12A-59B6-405E-9A32-1FEAFF9F67B2}"
EndProject
Global
	GlobalSection(SolutionConfigurationPlatforms) = preSolution
		Debug|Any CPU = Debug|Any CPU
		Release|Any CPU = Release|Any CPU
	EndGlobalSection
	GlobalSection(ProjectConfigurationPlatforms) = postSolution
		{6B913058-737A-462C-961F-7E2498034D55}.Debug|Any CPU.ActiveCfg = Debug|Any CPU
		{6B913058-737A-462C-961F-7E2498034D55}.Debug|Any CPU.Build.0 = Debug|Any CPU
		{6B913058-737A-462C-961F-7E2498034D55}.Release|Any CPU.ActiveCfg = Release|Any CPU
		{6B913058-737A-462C-961F-7E2498034D55}.Release|Any CPU.Build.0 = Release|Any CPU
		{041F5410-43BE-4B73-92AF-DD64EB0F547C}.Debug|Any CPU.ActiveCfg = Debug|Any CPU
		{041F5410-43BE-4B73-92AF-DD64EB0F547C}.Debug|Any CPU.Build.0 = Debug|Any CPU
		{041F5410-43BE-4B73-92AF-DD64EB0F547C}.Release|Any CPU.ActiveCfg = Release|Any CPU
		{041F5410-43BE-4B73-92AF-DD64EB0F547C}.Release|Any CPU.Build.0 = Release|Any CPU
		{778FA12A-59B6-405E-9A32-1FEAFF9F67B2}.Debug|Any CPU.ActiveCfg = Debug|Any CPU
		{778FA12A-59B6-405E-9A32-1FEAFF9F67B2}.Debug|Any CPU.Build.0 = Debug|Any CPU
		{778FA12A-59B6-405E-9A32-1FEAFF9F67B2}.Release|Any CPU.ActiveCfg = Release|Any CPU
		{778FA12A-59B6-405E-9A32-1FEAFF9F67B2}.Release|Any CPU.Build.0 = Release|Any CPU
	EndGlobalSection
	GlobalSection(SolutionProperties) = preSolution
		HideSolutionNode = FALSE
	EndGlobalSection
	GlobalSection(NestedProjects) = preSolution
		{6B913058-737A-462C-961F-7E2498034D55} = {8C422B0A-DF8C-45B3-857C-FA9116D717E6}
		{041F5410-43BE-4B73-92AF-DD64EB0F547C} = {88BDB725-D95F-450C-8BB9-B9D24D5816BB}
		{778FA12A-59B6-405E-9A32-1FEAFF9F67B2} = {254A9846-9B1E-4492-98B9-426ECF44D2C0}
	EndGlobalSection
	GlobalSection(ExtensibilityGlobals) = postSolution
		SolutionGuid = {FAA5E0E2-AE94-4B2D-97EC-13A2A808F3E2}
	EndGlobalSection
EndGlobal
